{
  "version": 4,
  "terraform_version": "1.0.8",
  "serial": 142,
  "lineage": "cd2db110-5208-e470-90a8-4be73bf08c4c",
  "outputs": {
    "resource_name": {
      "value": "projects/414089942920/secrets/trend-micro-fss-scanner-secrets",
      "type": "string"
    },
    "resource_secret": {
      "value": {
        "create_time": "2022-08-04T17:25:18.540749Z",
        "expire_time": "",
        "id": "projects/tf-testing-357707/secrets/trend-micro-fss-scanner-secrets",
        "labels": {},
        "name": "projects/414089942920/secrets/trend-micro-fss-scanner-secrets",
        "project": "tf-testing-357707",
        "replication": [
          {
            "automatic": false,
            "user_managed": [
              {
                "replicas": [
                  {
                    "customer_managed_encryption": [],
                    "location": "asia-east1"
                  }
                ]
              }
            ]
          }
        ],
        "rotation": [],
        "secret_id": "trend-micro-fss-scanner-secrets",
        "timeouts": null,
        "topics": [],
        "ttl": null
      },
      "type": [
        "object",
        {
          "create_time": "string",
          "expire_time": "string",
          "id": "string",
          "labels": [
            "map",
            "string"
          ],
          "name": "string",
          "project": "string",
          "replication": [
            "list",
            [
              "object",
              {
                "automatic": "bool",
                "user_managed": [
                  "list",
                  [
                    "object",
                    {
                      "replicas": [
                        "list",
                        [
                          "object",
                          {
                            "customer_managed_encryption": [
                              "list",
                              [
                                "object",
                                {
                                  "kms_key_name": "string"
                                }
                              ]
                            ],
                            "location": "string"
                          }
                        ]
                      ]
                    }
                  ]
                ]
              }
            ]
          ],
          "rotation": [
            "list",
            [
              "object",
              {
                "next_rotation_time": "string",
                "rotation_period": "string"
              }
            ]
          ],
          "secret_id": "string",
          "timeouts": [
            "object",
            {
              "create": "string",
              "delete": "string",
              "update": "string"
            }
          ],
          "topics": [
            "list",
            [
              "object",
              {
                "name": "string"
              }
            ]
          ],
          "ttl": "string"
        }
      ]
    },
    "resource_secret_id": {
      "value": "trend-micro-fss-scanner-secrets",
      "type": "string"
    }
  },
  "resources": [
    {
      "mode": "data",
      "type": "google_iam_policy",
      "name": "scanner_topic_dlt_iam_policy",
      "provider": "provider[\"registry.terraform.io/hashicorp/google\"]",
      "instances": [
        {
          "schema_version": 0,
          "attributes": {
            "audit_config": null,
            "binding": [
              {
                "condition": [],
                "members": [
                  "serviceAccount:manger-service@tf-testing-357707.iam.gserviceaccount.com"
                ],
                "role": "projects/tf-testing-357707/roles/trend_micro_fss_pubsub_iam_management_role"
              },
              {
                "condition": [],
                "members": [
                  "serviceAccount:manger-service@tf-testing-357707.iam.gserviceaccount.com"
                ],
                "role": "projects/tf-testing-357707/roles/trend_micro_fss_pubsub_management_role"
              },
              {
                "condition": [],
                "members": [
                  "serviceAccount:service-414089942920@gcp-sa-pubsub.iam.gserviceaccount.com"
                ],
                "role": "roles/pubsub.publisher"
              }
            ],
            "id": "495460920",
            "policy_data": "{\"bindings\":[{\"members\":[\"serviceAccount:manger-service@tf-testing-357707.iam.gserviceaccount.com\"],\"role\":\"projects/tf-testing-357707/roles/trend_micro_fss_pubsub_iam_management_role\"},{\"members\":[\"serviceAccount:manger-service@tf-testing-357707.iam.gserviceaccount.com\"],\"role\":\"projects/tf-testing-357707/roles/trend_micro_fss_pubsub_management_role\"},{\"members\":[\"serviceAccount:service-414089942920@gcp-sa-pubsub.iam.gserviceaccount.com\"],\"role\":\"roles/pubsub.publisher\"}]}"
          },
          "sensitive_attributes": []
        }
      ]
    },
    {
      "mode": "data",
      "type": "google_iam_policy",
      "name": "scanner_topic_iam_policy",
      "provider": "provider[\"registry.terraform.io/hashicorp/google\"]",
      "instances": [
        {
          "schema_version": 0,
          "attributes": {
            "audit_config": null,
            "binding": [
              {
                "condition": [],
                "members": [
                  "serviceAccount:manger-service@tf-testing-357707.iam.gserviceaccount.com"
                ],
                "role": "projects/tf-testing-357707/roles/trend_micro_fss_pubsub_iam_management_role"
              },
              {
                "condition": [],
                "members": [
                  "serviceAccount:manger-service@tf-testing-357707.iam.gserviceaccount.com"
                ],
                "role": "projects/tf-testing-357707/roles/trend_micro_fss_pubsub_management_role"
              },
              {
                "condition": [],
                "members": [
                  "serviceAccount:trend-micro-fss-scan-sa@tf-testing-357707.iam.gserviceaccount.com"
                ],
                "role": "roles/pubsub.publisher"
              }
            ],
            "id": "2200434893",
            "policy_data": "{\"bindings\":[{\"members\":[\"serviceAccount:manger-service@tf-testing-357707.iam.gserviceaccount.com\"],\"role\":\"projects/tf-testing-357707/roles/trend_micro_fss_pubsub_iam_management_role\"},{\"members\":[\"serviceAccount:manger-service@tf-testing-357707.iam.gserviceaccount.com\"],\"role\":\"projects/tf-testing-357707/roles/trend_micro_fss_pubsub_management_role\"},{\"members\":[\"serviceAccount:trend-micro-fss-scan-sa@tf-testing-357707.iam.gserviceaccount.com\"],\"role\":\"roles/pubsub.publisher\"}]}"
          },
          "sensitive_attributes": []
        }
      ]
    },
    {
      "mode": "data",
      "type": "google_project",
      "name": "project",
      "provider": "provider[\"registry.terraform.io/hashicorp/google\"]",
      "instances": [
        {
          "schema_version": 0,
          "attributes": {
            "auto_create_network": null,
            "billing_account": "01B595-1564A1-BC5B31",
            "folder_id": null,
            "id": "projects/tf-testing-357707",
            "labels": {},
            "name": "tf-testing",
            "number": "414089942920",
            "org_id": null,
            "project_id": "tf-testing-357707",
            "skip_delete": null
          },
          "sensitive_attributes": []
        }
      ]
    },
    {
      "mode": "managed",
      "type": "google_cloudfunctions_function",
      "name": "scanner_function",
      "provider": "provider[\"registry.terraform.io/hashicorp/google\"]",
      "instances": [
        {
          "schema_version": 0,
          "attributes": {
            "available_memory_mb": 2048,
            "build_environment_variables": null,
            "description": "",
            "docker_registry": "CONTAINER_REGISTRY",
            "docker_repository": "",
            "entry_point": "main",
            "environment_variables": {
              "DEPLOYMENT_NAME": "trend-micro-fss",
              "LD_LIBRARY_PATH": "/workspace:/workspace/lib",
              "PATTERN_PATH": "./patterns",
              "PROJECT_ID": "tf-testing-357707",
              "REGION": "asia-east1"
            },
            "event_trigger": [
              {
                "event_type": "providers/cloud.pubsub/eventTypes/topic.publish",
                "failure_policy": [
                  {
                    "retry": false
                  }
                ],
                "resource": "projects/tf-testing-357707/topics/trend-micro-fss-scanner-topic"
              }
            ],
            "https_trigger_security_level": null,
            "https_trigger_url": null,
            "id": "projects/tf-testing-357707/locations/asia-east1/functions/trend-micro-fss-scanner",
            "ingress_settings": "ALLOW_ALL",
            "kms_key_name": "",
            "labels": null,
            "max_instances": 0,
            "min_instances": 0,
            "name": "trend-micro-fss-scanner",
            "project": "tf-testing-357707",
            "region": "asia-east1",
            "runtime": "python38",
            "secret_environment_variables": [
              {
                "key": "SCANNER_SECRETS",
                "project_id": "414089942920",
                "secret": "trend-micro-fss-scanner-secrets",
                "version": "1"
              }
            ],
            "secret_volumes": [],
            "service_account_email": "trend-micro-fss-scan-sa@tf-testing-357707.iam.gserviceaccount.com",
            "source_archive_bucket": "tf-testing-357707-function",
            "source_archive_object": "src-gcp-scanner.zip",
            "source_repository": [],
            "timeout": 120,
            "timeouts": {
              "create": "60m",
              "delete": "2h",
              "read": null,
              "update": null
            },
            "trigger_http": null,
            "vpc_connector": "",
            "vpc_connector_egress_settings": ""
          },
          "sensitive_attributes": [],
          "private": "eyJlMmJmYjczMC1lY2FhLTExZTYtOGY4OC0zNDM2M2JjN2M0YzAiOnsiY3JlYXRlIjozNjAwMDAwMDAwMDAwLCJkZWxldGUiOjcyMDAwMDAwMDAwMDAsInJlYWQiOjMwMDAwMDAwMDAwMCwidXBkYXRlIjozMDAwMDAwMDAwMDB9fQ==",
          "dependencies": [
            "google_pubsub_topic.scanner_topic",
            "google_secret_manager_secret.trend_micro_fss_secret",
            "google_secret_manager_secret_iam_binding.scanner_gcf_service_account_secret_iam_binding",
            "google_secret_manager_secret_version.trend_micro_fss_secret_version",
            "google_service_account.scanner_gcf_service_account",
            "google_storage_bucket.function_bucket",
            "google_storage_bucket_object.gcp_scanner_source_zip"
          ]
        }
      ]
    },
    {
      "mode": "managed",
      "type": "google_project_iam_binding",
      "name": "iam_binding_cloudservice_agent",
      "provider": "provider[\"registry.terraform.io/hashicorp/google\"]",
      "instances": [
        {
          "schema_version": 0,
          "attributes": {
            "condition": [],
            "etag": "BwXlbpJpJJA=",
            "id": "tf-testing-357707/projects/tf-testing-357707/roles/trend_micro_fss_cloudservices_role",
            "members": [
              "serviceAccount:414089942920@cloudservices.gserviceaccount.com"
            ],
            "project": "tf-testing-357707",
            "role": "projects/tf-testing-357707/roles/trend_micro_fss_cloudservices_role"
          },
          "sensitive_attributes": [],
          "private": "bnVsbA==",
          "dependencies": [
            "data.google_project.project",
            "google_project_iam_custom_role.trend_micro_fss_cloudservices_role"
          ]
        }
      ]
    },
    {
      "mode": "managed",
      "type": "google_project_iam_custom_role",
      "name": "trend_micro_fss_bucket_listener_role",
      "provider": "provider[\"registry.terraform.io/hashicorp/google\"]",
      "instances": [
        {
          "schema_version": 0,
          "attributes": {
            "deleted": false,
            "description": "Trend Micro File Storage Security trend micro bucket listener role",
            "id": "projects/tf-testing-357707/roles/trend_micro_fss_bucket_listener_role",
            "name": "projects/tf-testing-357707/roles/trend_micro_fss_bucket_listener_role",
            "permissions": [
              "iam.serviceAccounts.signBlob"
            ],
            "project": "tf-testing-357707",
            "role_id": "trend_micro_fss_bucket_listener_role",
            "stage": "GA",
            "title": "trend-micro-fss-bucket-listener-role"
          },
          "sensitive_attributes": [],
          "private": "bnVsbA=="
        }
      ]
    },
    {
      "mode": "managed",
      "type": "google_project_iam_custom_role",
      "name": "trend_micro_fss_cloud_function_management_role",
      "provider": "provider[\"registry.terraform.io/hashicorp/google\"]",
      "instances": [
        {
          "schema_version": 0,
          "attributes": {
            "deleted": false,
            "description": "Trend Micro File Storage Security trend micro cloud function management role",
            "id": "projects/tf-testing-357707/roles/trend_micro_fss_cloud_function_management_role",
            "name": "projects/tf-testing-357707/roles/trend_micro_fss_cloud_function_management_role",
            "permissions": [
              "cloudbuild.builds.get",
              "cloudbuild.builds.list",
              "cloudfunctions.functions.get",
              "cloudfunctions.functions.list",
              "cloudfunctions.functions.sourceCodeGet",
              "cloudfunctions.functions.sourceCodeSet",
              "cloudfunctions.functions.update"
            ],
            "project": "tf-testing-357707",
            "role_id": "trend_micro_fss_cloud_function_management_role",
            "stage": "GA",
            "title": "trend_micro_fss_cloud_function_management_role"
          },
          "sensitive_attributes": [],
          "private": "bnVsbA=="
        }
      ]
    },
    {
      "mode": "managed",
      "type": "google_project_iam_custom_role",
      "name": "trend_micro_fss_cloudservices_role",
      "provider": "provider[\"registry.terraform.io/hashicorp/google\"]",
      "instances": [
        {
          "schema_version": 0,
          "attributes": {
            "deleted": false,
            "description": "Trend Micro File Storage Security trend micro Google APIs Service Agent role",
            "id": "projects/tf-testing-357707/roles/trend_micro_fss_cloudservices_role",
            "name": "projects/tf-testing-357707/roles/trend_micro_fss_cloudservices_role",
            "permissions": [
              "cloudfunctions.functions.setIamPolicy",
              "iam.roles.create",
              "iam.serviceAccounts.setIamPolicy",
              "pubsub.topics.setIamPolicy",
              "resourcemanager.projects.setIamPolicy"
            ],
            "project": "tf-testing-357707",
            "role_id": "trend_micro_fss_cloudservices_role",
            "stage": "GA",
            "title": "trend_micro_fss_cloudservices_role"
          },
          "sensitive_attributes": [],
          "private": "bnVsbA=="
        }
      ]
    },
    {
      "mode": "managed",
      "type": "google_project_iam_custom_role",
      "name": "trend_micro_fss_deployment_management_role",
      "provider": "provider[\"registry.terraform.io/hashicorp/google\"]",
      "instances": [
        {
          "schema_version": 0,
          "attributes": {
            "deleted": false,
            "description": "Trend Micro File Storage Security trend micro deployment management role",
            "id": "projects/tf-testing-357707/roles/trend_micro_fss_deployment_management_role",
            "name": "projects/tf-testing-357707/roles/trend_micro_fss_deployment_management_role",
            "permissions": [
              "deploymentmanager.deployments.get",
              "deploymentmanager.manifests.get"
            ],
            "project": "tf-testing-357707",
            "role_id": "trend_micro_fss_deployment_management_role",
            "stage": "GA",
            "title": "trend_micro_fss_deployment_management_role"
          },
          "sensitive_attributes": [],
          "private": "bnVsbA=="
        }
      ]
    },
    {
      "mode": "managed",
      "type": "google_project_iam_custom_role",
      "name": "trend_micro_fss_log_management_role",
      "provider": "provider[\"registry.terraform.io/hashicorp/google\"]",
      "instances": [
        {
          "schema_version": 0,
          "attributes": {
            "deleted": false,
            "description": "Trend Micro File Storage Security trend micro log management role",
            "id": "projects/tf-testing-357707/roles/trend_micro_fss_log_management_role",
            "name": "projects/tf-testing-357707/roles/trend_micro_fss_log_management_role",
            "permissions": [
              "logging.logs.list",
              "logging.queries.create",
              "logging.queries.get",
              "logging.queries.list"
            ],
            "project": "tf-testing-357707",
            "role_id": "trend_micro_fss_log_management_role",
            "stage": "GA",
            "title": "trend_micro_fss_log_management_role"
          },
          "sensitive_attributes": [],
          "private": "bnVsbA=="
        }
      ]
    },
    {
      "mode": "managed",
      "type": "google_project_iam_custom_role",
      "name": "trend_micro_fss_post_action_tag_role",
      "provider": "provider[\"registry.terraform.io/hashicorp/google\"]",
      "instances": [
        {
          "schema_version": 0,
          "attributes": {
            "deleted": false,
            "description": "Trend Micro File Storage Security trend micro post action tag role",
            "id": "projects/tf-testing-357707/roles/trend_micro_fss_post_action_tag_role",
            "name": "projects/tf-testing-357707/roles/trend_micro_fss_post_action_tag_role",
            "permissions": [
              "storage.objects.get",
              "storage.objects.update"
            ],
            "project": "tf-testing-357707",
            "role_id": "trend_micro_fss_post_action_tag_role",
            "stage": "GA",
            "title": "trend-micro-fss-post-action-tag-role"
          },
          "sensitive_attributes": [],
          "private": "bnVsbA=="
        }
      ]
    },
    {
      "mode": "managed",
      "type": "google_project_iam_custom_role",
      "name": "trend_micro_fss_pubsub_iam_management_role",
      "provider": "provider[\"registry.terraform.io/hashicorp/google\"]",
      "instances": [
        {
          "schema_version": 0,
          "attributes": {
            "deleted": false,
            "description": "Trend Micro File Storage Security trend micro pubsub iam management role",
            "id": "projects/tf-testing-357707/roles/trend_micro_fss_pubsub_iam_management_role",
            "name": "projects/tf-testing-357707/roles/trend_micro_fss_pubsub_iam_management_role",
            "permissions": [
              "pubsub.topics.getIamPolicy",
              "pubsub.topics.setIamPolicy"
            ],
            "project": "tf-testing-357707",
            "role_id": "trend_micro_fss_pubsub_iam_management_role",
            "stage": "GA",
            "title": "trend_micro_fss_pubsub_iam_management_role"
          },
          "sensitive_attributes": [],
          "private": "bnVsbA=="
        }
      ]
    },
    {
      "mode": "managed",
      "type": "google_project_iam_custom_role",
      "name": "trend_micro_fss_pubsub_management_role",
      "provider": "provider[\"registry.terraform.io/hashicorp/google\"]",
      "instances": [
        {
          "schema_version": 0,
          "attributes": {
            "deleted": false,
            "description": "Trend Micro File Storage Security trend micro pubsub management role",
            "id": "projects/tf-testing-357707/roles/trend_micro_fss_pubsub_management_role",
            "name": "projects/tf-testing-357707/roles/trend_micro_fss_pubsub_management_role",
            "permissions": [
              "pubsub.subscriptions.get",
              "pubsub.subscriptions.list",
              "pubsub.topics.get",
              "pubsub.topics.list"
            ],
            "project": "tf-testing-357707",
            "role_id": "trend_micro_fss_pubsub_management_role",
            "stage": "GA",
            "title": "trend_micro_fss_pubsub_management_role"
          },
          "sensitive_attributes": [],
          "private": "bnVsbA=="
        }
      ]
    },
    {
      "mode": "managed",
      "type": "google_project_iam_custom_role",
      "name": "trend_micro_fss_secret_management_role",
      "provider": "provider[\"registry.terraform.io/hashicorp/google\"]",
      "instances": [
        {
          "schema_version": 0,
          "attributes": {
            "deleted": false,
            "description": "Trend Micro File Storage Security trend micro secret management role",
            "id": "projects/tf-testing-357707/roles/trend_micro_fss_secret_management_role",
            "name": "projects/tf-testing-357707/roles/trend_micro_fss_secret_management_role",
            "permissions": [
              "secretmanager.secrets.get",
              "secretmanager.versions.access",
              "secretmanager.versions.add",
              "secretmanager.versions.destroy",
              "secretmanager.versions.disable",
              "secretmanager.versions.enable",
              "secretmanager.versions.get",
              "secretmanager.versions.list"
            ],
            "project": "tf-testing-357707",
            "role_id": "trend_micro_fss_secret_management_role",
            "stage": "GA",
            "title": "trend_micro_fss_secret_management_role"
          },
          "sensitive_attributes": [],
          "private": "bnVsbA=="
        }
      ]
    },
    {
      "mode": "managed",
      "type": "google_project_iam_custom_role",
      "name": "trend_micro_fss_service_account_management_role",
      "provider": "provider[\"registry.terraform.io/hashicorp/google\"]",
      "instances": [
        {
          "schema_version": 0,
          "attributes": {
            "deleted": false,
            "description": "Trend Micro File Storage Security trend micro service account management role",
            "id": "projects/tf-testing-357707/roles/trend_micro_fss_service_account_management_role",
            "name": "projects/tf-testing-357707/roles/trend_micro_fss_service_account_management_role",
            "permissions": [
              "iam.serviceAccounts.get",
              "iam.serviceAccounts.getIamPolicy",
              "iam.serviceAccounts.list"
            ],
            "project": "tf-testing-357707",
            "role_id": "trend_micro_fss_service_account_management_role",
            "stage": "GA",
            "title": "trend_micro_fss_service_account_management_role"
          },
          "sensitive_attributes": [],
          "private": "bnVsbA=="
        }
      ]
    },
    {
      "mode": "managed",
      "type": "google_project_service",
      "name": "gcp_services",
      "provider": "provider[\"registry.terraform.io/hashicorp/google\"]",
      "instances": [
        {
          "index_key": "cloudbuild.googleapis.com",
          "schema_version": 0,
          "attributes": {
            "disable_dependent_services": true,
            "disable_on_destroy": true,
            "id": "tf-testing-357707/cloudbuild.googleapis.com",
            "project": "tf-testing-357707",
            "service": "cloudbuild.googleapis.com",
            "timeouts": null
          },
          "sensitive_attributes": [],
          "private": "eyJlMmJmYjczMC1lY2FhLTExZTYtOGY4OC0zNDM2M2JjN2M0YzAiOnsiY3JlYXRlIjoxMjAwMDAwMDAwMDAwLCJkZWxldGUiOjEyMDAwMDAwMDAwMDAsInJlYWQiOjYwMDAwMDAwMDAwMCwidXBkYXRlIjoxMjAwMDAwMDAwMDAwfX0="
        },
        {
          "index_key": "cloudfunctions.googleapis.com",
          "schema_version": 0,
          "attributes": {
            "disable_dependent_services": true,
            "disable_on_destroy": true,
            "id": "tf-testing-357707/cloudfunctions.googleapis.com",
            "project": "tf-testing-357707",
            "service": "cloudfunctions.googleapis.com",
            "timeouts": null
          },
          "sensitive_attributes": [],
          "private": "eyJlMmJmYjczMC1lY2FhLTExZTYtOGY4OC0zNDM2M2JjN2M0YzAiOnsiY3JlYXRlIjoxMjAwMDAwMDAwMDAwLCJkZWxldGUiOjEyMDAwMDAwMDAwMDAsInJlYWQiOjYwMDAwMDAwMDAwMCwidXBkYXRlIjoxMjAwMDAwMDAwMDAwfX0="
        },
        {
          "index_key": "cloudresourcemanager.googleapis.com",
          "schema_version": 0,
          "attributes": {
            "disable_dependent_services": true,
            "disable_on_destroy": true,
            "id": "tf-testing-357707/cloudresourcemanager.googleapis.com",
            "project": "tf-testing-357707",
            "service": "cloudresourcemanager.googleapis.com",
            "timeouts": null
          },
          "sensitive_attributes": [],
          "private": "eyJlMmJmYjczMC1lY2FhLTExZTYtOGY4OC0zNDM2M2JjN2M0YzAiOnsiY3JlYXRlIjoxMjAwMDAwMDAwMDAwLCJkZWxldGUiOjEyMDAwMDAwMDAwMDAsInJlYWQiOjYwMDAwMDAwMDAwMCwidXBkYXRlIjoxMjAwMDAwMDAwMDAwfX0="
        },
        {
          "index_key": "deploymentmanager.googleapis.com",
          "schema_version": 0,
          "attributes": {
            "disable_dependent_services": true,
            "disable_on_destroy": true,
            "id": "tf-testing-357707/deploymentmanager.googleapis.com",
            "project": "tf-testing-357707",
            "service": "deploymentmanager.googleapis.com",
            "timeouts": null
          },
          "sensitive_attributes": [],
          "private": "eyJlMmJmYjczMC1lY2FhLTExZTYtOGY4OC0zNDM2M2JjN2M0YzAiOnsiY3JlYXRlIjoxMjAwMDAwMDAwMDAwLCJkZWxldGUiOjEyMDAwMDAwMDAwMDAsInJlYWQiOjYwMDAwMDAwMDAwMCwidXBkYXRlIjoxMjAwMDAwMDAwMDAwfX0="
        },
        {
          "index_key": "iam.googleapis.com",
          "schema_version": 0,
          "attributes": {
            "disable_dependent_services": true,
            "disable_on_destroy": true,
            "id": "tf-testing-357707/iam.googleapis.com",
            "project": "tf-testing-357707",
            "service": "iam.googleapis.com",
            "timeouts": null
          },
          "sensitive_attributes": [],
          "private": "eyJlMmJmYjczMC1lY2FhLTExZTYtOGY4OC0zNDM2M2JjN2M0YzAiOnsiY3JlYXRlIjoxMjAwMDAwMDAwMDAwLCJkZWxldGUiOjEyMDAwMDAwMDAwMDAsInJlYWQiOjYwMDAwMDAwMDAwMCwidXBkYXRlIjoxMjAwMDAwMDAwMDAwfX0="
        },
        {
          "index_key": "iamcredentials.googleapis.com",
          "schema_version": 0,
          "attributes": {
            "disable_dependent_services": true,
            "disable_on_destroy": true,
            "id": "tf-testing-357707/iamcredentials.googleapis.com",
            "project": "tf-testing-357707",
            "service": "iamcredentials.googleapis.com",
            "timeouts": null
          },
          "sensitive_attributes": [],
          "private": "eyJlMmJmYjczMC1lY2FhLTExZTYtOGY4OC0zNDM2M2JjN2M0YzAiOnsiY3JlYXRlIjoxMjAwMDAwMDAwMDAwLCJkZWxldGUiOjEyMDAwMDAwMDAwMDAsInJlYWQiOjYwMDAwMDAwMDAwMCwidXBkYXRlIjoxMjAwMDAwMDAwMDAwfX0="
        },
        {
          "index_key": "pubsub.googleapis.com",
          "schema_version": 0,
          "attributes": {
            "disable_dependent_services": true,
            "disable_on_destroy": true,
            "id": "tf-testing-357707/pubsub.googleapis.com",
            "project": "tf-testing-357707",
            "service": "pubsub.googleapis.com",
            "timeouts": null
          },
          "sensitive_attributes": [],
          "private": "eyJlMmJmYjczMC1lY2FhLTExZTYtOGY4OC0zNDM2M2JjN2M0YzAiOnsiY3JlYXRlIjoxMjAwMDAwMDAwMDAwLCJkZWxldGUiOjEyMDAwMDAwMDAwMDAsInJlYWQiOjYwMDAwMDAwMDAwMCwidXBkYXRlIjoxMjAwMDAwMDAwMDAwfX0="
        },
        {
          "index_key": "secretmanager.googleapis.com",
          "schema_version": 0,
          "attributes": {
            "disable_dependent_services": true,
            "disable_on_destroy": true,
            "id": "tf-testing-357707/secretmanager.googleapis.com",
            "project": "tf-testing-357707",
            "service": "secretmanager.googleapis.com",
            "timeouts": null
          },
          "sensitive_attributes": [],
          "private": "eyJlMmJmYjczMC1lY2FhLTExZTYtOGY4OC0zNDM2M2JjN2M0YzAiOnsiY3JlYXRlIjoxMjAwMDAwMDAwMDAwLCJkZWxldGUiOjEyMDAwMDAwMDAwMDAsInJlYWQiOjYwMDAwMDAwMDAwMCwidXBkYXRlIjoxMjAwMDAwMDAwMDAwfX0="
        }
      ]
    },
    {
      "mode": "managed",
      "type": "google_pubsub_topic",
      "name": "scanner_topic",
      "provider": "provider[\"registry.terraform.io/hashicorp/google\"]",
      "instances": [
        {
          "schema_version": 0,
          "attributes": {
            "id": "projects/tf-testing-357707/topics/trend-micro-fss-scanner-topic",
            "kms_key_name": "",
            "labels": {},
            "message_retention_duration": "",
            "message_storage_policy": [],
            "name": "trend-micro-fss-scanner-topic",
            "project": "tf-testing-357707",
            "schema_settings": [],
            "timeouts": null
          },
          "sensitive_attributes": [],
          "private": "eyJlMmJmYjczMC1lY2FhLTExZTYtOGY4OC0zNDM2M2JjN2M0YzAiOnsiY3JlYXRlIjoxMjAwMDAwMDAwMDAwLCJkZWxldGUiOjEyMDAwMDAwMDAwMDAsInVwZGF0ZSI6MTIwMDAwMDAwMDAwMH19",
          "dependencies": [
            "google_service_account.scanner_gcf_service_account"
          ]
        }
      ]
    },
    {
      "mode": "managed",
      "type": "google_pubsub_topic",
      "name": "scanner_topic_dlt",
      "provider": "provider[\"registry.terraform.io/hashicorp/google\"]",
      "instances": [
        {
          "schema_version": 0,
          "attributes": {
            "id": "projects/tf-testing-357707/topics/trend-micro-fss-scanner-topic-dlt",
            "kms_key_name": "",
            "labels": {},
            "message_retention_duration": "",
            "message_storage_policy": [],
            "name": "trend-micro-fss-scanner-topic-dlt",
            "project": "tf-testing-357707",
            "schema_settings": [],
            "timeouts": null
          },
          "sensitive_attributes": [],
          "private": "eyJlMmJmYjczMC1lY2FhLTExZTYtOGY4OC0zNDM2M2JjN2M0YzAiOnsiY3JlYXRlIjoxMjAwMDAwMDAwMDAwLCJkZWxldGUiOjEyMDAwMDAwMDAwMDAsInVwZGF0ZSI6MTIwMDAwMDAwMDAwMH19"
        }
      ]
    },
    {
      "mode": "managed",
      "type": "google_pubsub_topic_iam_policy",
      "name": "scanner_deploy_scanner_topic_policy",
      "provider": "provider[\"registry.terraform.io/hashicorp/google\"]",
      "instances": [
        {
          "schema_version": 0,
          "attributes": {
            "etag": "BwXlbaHSLTE=",
            "id": "projects/tf-testing-357707/topics/trend-micro-fss-scanner-topic",
            "policy_data": "{\"bindings\":[{\"members\":[\"serviceAccount:manger-service@tf-testing-357707.iam.gserviceaccount.com\"],\"role\":\"projects/tf-testing-357707/roles/trend_micro_fss_pubsub_iam_management_role\"},{\"members\":[\"serviceAccount:manger-service@tf-testing-357707.iam.gserviceaccount.com\"],\"role\":\"projects/tf-testing-357707/roles/trend_micro_fss_pubsub_management_role\"},{\"members\":[\"serviceAccount:trend-micro-fss-scan-sa@tf-testing-357707.iam.gserviceaccount.com\"],\"role\":\"roles/pubsub.publisher\"}]}",
            "project": "tf-testing-357707",
            "topic": "projects/tf-testing-357707/topics/trend-micro-fss-scanner-topic"
          },
          "sensitive_attributes": [],
          "private": "bnVsbA==",
          "dependencies": [
            "data.google_iam_policy.scanner_topic_iam_policy",
            "data.google_project.project",
            "google_project_iam_custom_role.trend_micro_fss_pubsub_iam_management_role",
            "google_project_iam_custom_role.trend_micro_fss_pubsub_management_role",
            "google_pubsub_topic.scanner_topic",
            "google_service_account.scanner_gcf_service_account"
          ]
        }
      ]
    },
    {
      "mode": "managed",
      "type": "google_pubsub_topic_iam_policy",
      "name": "scanner_topic_dlt_policy",
      "provider": "provider[\"registry.terraform.io/hashicorp/google\"]",
      "instances": [
        {
          "schema_version": 0,
          "attributes": {
            "etag": "BwXlbaHl8ug=",
            "id": "projects/tf-testing-357707/topics/trend-micro-fss-scanner-topic-dlt",
            "policy_data": "{\"bindings\":[{\"members\":[\"serviceAccount:manger-service@tf-testing-357707.iam.gserviceaccount.com\"],\"role\":\"projects/tf-testing-357707/roles/trend_micro_fss_pubsub_iam_management_role\"},{\"members\":[\"serviceAccount:manger-service@tf-testing-357707.iam.gserviceaccount.com\"],\"role\":\"projects/tf-testing-357707/roles/trend_micro_fss_pubsub_management_role\"},{\"members\":[\"serviceAccount:service-414089942920@gcp-sa-pubsub.iam.gserviceaccount.com\"],\"role\":\"roles/pubsub.publisher\"}]}",
            "project": "tf-testing-357707",
            "topic": "projects/tf-testing-357707/topics/trend-micro-fss-scanner-topic-dlt"
          },
          "sensitive_attributes": [],
          "private": "bnVsbA==",
          "dependencies": [
            "google_project_iam_custom_role.trend_micro_fss_pubsub_iam_management_role",
            "google_project_iam_custom_role.trend_micro_fss_pubsub_management_role",
            "google_pubsub_topic.scanner_topic_dlt",
            "data.google_iam_policy.scanner_topic_dlt_iam_policy",
            "data.google_project.project"
          ]
        }
      ]
    },
    {
      "mode": "managed",
      "type": "google_secret_manager_secret",
      "name": "trend_micro_fss_secret",
      "provider": "provider[\"registry.terraform.io/hashicorp/google\"]",
      "instances": [
        {
          "schema_version": 0,
          "attributes": {
            "create_time": "2022-08-04T17:25:18.540749Z",
            "expire_time": "",
            "id": "projects/tf-testing-357707/secrets/trend-micro-fss-scanner-secrets",
            "labels": {},
            "name": "projects/414089942920/secrets/trend-micro-fss-scanner-secrets",
            "project": "tf-testing-357707",
            "replication": [
              {
                "automatic": false,
                "user_managed": [
                  {
                    "replicas": [
                      {
                        "customer_managed_encryption": [],
                        "location": "asia-east1"
                      }
                    ]
                  }
                ]
              }
            ],
            "rotation": [],
            "secret_id": "trend-micro-fss-scanner-secrets",
            "timeouts": null,
            "topics": [],
            "ttl": null
          },
          "sensitive_attributes": [],
          "private": "eyJlMmJmYjczMC1lY2FhLTExZTYtOGY4OC0zNDM2M2JjN2M0YzAiOnsiY3JlYXRlIjoxMjAwMDAwMDAwMDAwLCJkZWxldGUiOjEyMDAwMDAwMDAwMDAsInVwZGF0ZSI6MTIwMDAwMDAwMDAwMH19",
          "dependencies": [
            "google_project_service.gcp_services"
          ]
        }
      ]
    },
    {
      "mode": "managed",
      "type": "google_secret_manager_secret_iam_binding",
      "name": "manager_service_account_secret_iam_binding",
      "provider": "provider[\"registry.terraform.io/hashicorp/google\"]",
      "instances": [
        {
          "schema_version": 0,
          "attributes": {
            "condition": [],
            "etag": "BwXlbaKsTFo=",
            "id": "projects/tf-testing-357707/secrets/trend-micro-fss-scanner-secrets/projects/tf-testing-357707/roles/trend_micro_fss_secret_management_role",
            "members": [
              "serviceAccount:manger-service@tf-testing-357707.iam.gserviceaccount.com"
            ],
            "project": "tf-testing-357707",
            "role": "projects/tf-testing-357707/roles/trend_micro_fss_secret_management_role",
            "secret_id": "projects/tf-testing-357707/secrets/trend-micro-fss-scanner-secrets"
          },
          "sensitive_attributes": [],
          "private": "bnVsbA==",
          "dependencies": [
            "google_project_iam_custom_role.trend_micro_fss_secret_management_role",
            "google_project_service.gcp_services",
            "google_secret_manager_secret.trend_micro_fss_secret",
            "data.google_project.project"
          ]
        }
      ]
    },
    {
      "mode": "managed",
      "type": "google_secret_manager_secret_iam_binding",
      "name": "scanner_gcf_service_account_secret_iam_binding",
      "provider": "provider[\"registry.terraform.io/hashicorp/google\"]",
      "instances": [
        {
          "schema_version": 0,
          "attributes": {
            "condition": [],
            "etag": "BwXlbaKsTFo=",
            "id": "projects/tf-testing-357707/secrets/trend-micro-fss-scanner-secrets/roles/secretmanager.secretAccessor",
            "members": [
              "serviceAccount:trend-micro-fss-scan-sa@tf-testing-357707.iam.gserviceaccount.com"
            ],
            "project": "tf-testing-357707",
            "role": "roles/secretmanager.secretAccessor",
            "secret_id": "projects/tf-testing-357707/secrets/trend-micro-fss-scanner-secrets"
          },
          "sensitive_attributes": [],
          "private": "bnVsbA==",
          "dependencies": [
            "google_project_service.gcp_services",
            "google_secret_manager_secret.trend_micro_fss_secret",
            "google_service_account.scanner_gcf_service_account"
          ]
        }
      ]
    },
    {
      "mode": "managed",
      "type": "google_secret_manager_secret_version",
      "name": "trend_micro_fss_secret_version",
      "provider": "provider[\"registry.terraform.io/hashicorp/google\"]",
      "instances": [
        {
          "schema_version": 0,
          "attributes": {
            "create_time": "2022-08-04T17:25:19.498859Z",
            "destroy_time": "",
            "enabled": true,
            "id": "projects/414089942920/secrets/trend-micro-fss-scanner-secrets/versions/1",
            "name": "projects/414089942920/secrets/trend-micro-fss-scanner-secrets/versions/1",
            "secret": "projects/tf-testing-357707/secrets/trend-micro-fss-scanner-secrets",
            "secret_data": "{\"CLOUD_ONE_ACCOUNT\":\"manger-service@tf-testing-357707.iam.gserviceaccount.com\",\"FSS_API_ENDPOINT\":\"https://filestorage.us-1.cloudone.trendmicro.com/api/\",\"LICENSE\":\"eyJ0eXAiOiJKV1QiLCJhbGciOiJSUzI1NiJ9.eyJpc3MiOiJ3d3cudHJlbmRtaWNyby5jb20iLCJleHAiOjE2NjQ3Njk2MDAsIm5iZiI6MTY1NTM2NjU4NCwiaWF0IjoxNjU1MzY2NTg0LCJzdWIiOiJnY3AtcHJldmlldy1saWNlbnNlIiwiY2xvdWRPbmUiOnsiYWNjb3VudCI6IjU2NDUwNTA5NDE4NyJ9fQ.CaoPvyzly9C5izjmdCxjYmQZpKY8p4wleHGqtORmhpin6r9Ek5g8KyrPy2Q40LOzt0fKf680ZbCi7JROGJ4HTi-sJVX7uyKsn9y8NBGhNpBYQplKck5DibYltbUFUOI5bPubHN0tjwg5_JFiE7PfDYls8X_wDHLq1nxnHLz1jhzRXbNE-OR01faM_NdV2IqZTV_Px7O75VC7W6GaSFZ1jK0U4Yk0IjBQzn-KX3En2oeF16FmADSof2B_TkcYFKizGhoO1oohzEKEOEwfX3Nyx6-BvyNE7tmgR5YJUdUO8fLWZF0Io8Qjoh44xjrj2rpXvqN-1_q-anE_dh6LnBImTwvnzBZI1hZgNnB7REbwBZAlLhc0RjcbPAC6Fw16xgIebBHB0pz4T4QTDPt9pcm_efQxiXbg9DjQFN9DwkPKJSt6XvFJO5yhu3pFXjosHjPSbwL4evnW_11rvrxwjfPb-oK8MOjb2sImgokv5yL2E4JyxeQ7y4vIizUMkhrIhG_bpakdGgbHJm6kOuVBkUY5yKssnRIh--Bgdtb5bH69fYxoN1JKljiLW7KDKvxq1MsQOWH-u6tBaUzl85p6Ehd-DmtecsQFq0gzxTD28JalIvRsZ5-fVtR6o2Akp02Za4GeTUZep6iyLYC8SEBj3cAm2LVMcpvPm-6OAqhLyzZN4wE\",\"LICENSE_SUBJECT\":\"gcp-preview-license\"}",
            "timeouts": null
          },
          "sensitive_attributes": [],
          "private": "eyJlMmJmYjczMC1lY2FhLTExZTYtOGY4OC0zNDM2M2JjN2M0YzAiOnsiY3JlYXRlIjoxMjAwMDAwMDAwMDAwLCJkZWxldGUiOjEyMDAwMDAwMDAwMDB9fQ==",
          "dependencies": [
            "google_project_service.gcp_services",
            "google_secret_manager_secret.trend_micro_fss_secret"
          ]
        }
      ]
    },
    {
      "mode": "managed",
      "type": "google_service_account",
      "name": "scanner_gcf_service_account",
      "provider": "provider[\"registry.terraform.io/hashicorp/google\"]",
      "instances": [
        {
          "schema_version": 0,
          "attributes": {
            "account_id": "trend-micro-fss-scan-sa",
            "description": "",
            "disabled": false,
            "display_name": "Service Account for Scanner Cloud Function",
            "email": "trend-micro-fss-scan-sa@tf-testing-357707.iam.gserviceaccount.com",
            "id": "projects/tf-testing-357707/serviceAccounts/trend-micro-fss-scan-sa@tf-testing-357707.iam.gserviceaccount.com",
            "name": "projects/tf-testing-357707/serviceAccounts/trend-micro-fss-scan-sa@tf-testing-357707.iam.gserviceaccount.com",
            "project": "tf-testing-357707",
            "timeouts": null,
            "unique_id": "109817040789120165277"
          },
          "sensitive_attributes": [],
          "private": "eyJlMmJmYjczMC1lY2FhLTExZTYtOGY4OC0zNDM2M2JjN2M0YzAiOnsiY3JlYXRlIjozMDAwMDAwMDAwMDB9fQ=="
        }
      ]
    },
    {
      "mode": "managed",
      "type": "google_service_account",
      "name": "updater_gcf_service_account",
      "provider": "provider[\"registry.terraform.io/hashicorp/google\"]",
      "instances": [
        {
          "schema_version": 0,
          "attributes": {
            "account_id": "trend-micro-fss-upd-sa",
            "description": "",
            "disabled": false,
            "display_name": "Service Account for Pattern Updater Function",
            "email": "trend-micro-fss-upd-sa@tf-testing-357707.iam.gserviceaccount.com",
            "id": "projects/tf-testing-357707/serviceAccounts/trend-micro-fss-upd-sa@tf-testing-357707.iam.gserviceaccount.com",
            "name": "projects/tf-testing-357707/serviceAccounts/trend-micro-fss-upd-sa@tf-testing-357707.iam.gserviceaccount.com",
            "project": "tf-testing-357707",
            "timeouts": null,
            "unique_id": "115616334408264002914"
          },
          "sensitive_attributes": [],
          "private": "eyJlMmJmYjczMC1lY2FhLTExZTYtOGY4OC0zNDM2M2JjN2M0YzAiOnsiY3JlYXRlIjozMDAwMDAwMDAwMDB9fQ=="
        }
      ]
    },
    {
      "mode": "managed",
      "type": "google_service_account_iam_binding",
      "name": "scanner_gcf_service_account_iam",
      "provider": "provider[\"registry.terraform.io/hashicorp/google\"]",
      "instances": [
        {
          "schema_version": 0,
          "attributes": {
            "condition": [],
            "etag": "BwXlbaGhqNA=",
            "id": "projects/tf-testing-357707/serviceAccounts/trend-micro-fss-scan-sa@tf-testing-357707.iam.gserviceaccount.com/projects/tf-testing-357707/roles/trend_micro_fss_service_account_management_role",
            "members": [
              "serviceAccount:trend-micro-fss-scan-sa@tf-testing-357707.iam.gserviceaccount.com"
            ],
            "role": "projects/tf-testing-357707/roles/trend_micro_fss_service_account_management_role",
            "service_account_id": "projects/tf-testing-357707/serviceAccounts/trend-micro-fss-scan-sa@tf-testing-357707.iam.gserviceaccount.com"
          },
          "sensitive_attributes": [],
          "private": "bnVsbA==",
          "dependencies": [
            "data.google_project.project",
            "google_project_iam_custom_role.trend_micro_fss_service_account_management_role",
            "google_service_account.scanner_gcf_service_account"
          ]
        }
      ]
    },
    {
      "mode": "managed",
      "type": "google_service_account_iam_binding",
      "name": "updater_gcf_service_account_iam",
      "provider": "provider[\"registry.terraform.io/hashicorp/google\"]",
      "instances": [
        {
          "schema_version": 0,
          "attributes": {
            "condition": [],
            "etag": "BwXlbaGIxHY=",
            "id": "projects/tf-testing-357707/serviceAccounts/trend-micro-fss-upd-sa@tf-testing-357707.iam.gserviceaccount.com/projects/tf-testing-357707/roles/trend_micro_fss_service_account_management_role",
            "members": [
              "serviceAccount:trend-micro-fss-upd-sa@tf-testing-357707.iam.gserviceaccount.com"
            ],
            "role": "projects/tf-testing-357707/roles/trend_micro_fss_service_account_management_role",
            "service_account_id": "projects/tf-testing-357707/serviceAccounts/trend-micro-fss-upd-sa@tf-testing-357707.iam.gserviceaccount.com"
          },
          "sensitive_attributes": [],
          "private": "bnVsbA==",
          "dependencies": [
            "data.google_project.project",
            "google_project_iam_custom_role.trend_micro_fss_service_account_management_role",
            "google_service_account.updater_gcf_service_account"
          ]
        }
      ]
    },
    {
      "mode": "managed",
      "type": "google_storage_bucket",
      "name": "function_bucket",
      "provider": "provider[\"registry.terraform.io/hashicorp/google\"]",
      "instances": [
        {
          "schema_version": 0,
          "attributes": {
            "cors": [],
            "default_event_based_hold": false,
            "encryption": [],
            "force_destroy": false,
            "id": "tf-testing-357707-function",
            "labels": {},
            "lifecycle_rule": [],
            "location": "ASIA-EAST1",
            "logging": [],
            "name": "tf-testing-357707-function",
            "project": "tf-testing-357707",
            "requester_pays": false,
            "retention_policy": [],
            "self_link": "https://www.googleapis.com/storage/v1/b/tf-testing-357707-function",
            "storage_class": "STANDARD",
            "timeouts": null,
            "uniform_bucket_level_access": false,
            "url": "gs://tf-testing-357707-function",
            "versioning": [],
            "website": []
          },
          "sensitive_attributes": [],
          "private": "eyJlMmJmYjczMC1lY2FhLTExZTYtOGY4OC0zNDM2M2JjN2M0YzAiOnsiY3JlYXRlIjoyNDAwMDAwMDAwMDAsInJlYWQiOjI0MDAwMDAwMDAwMCwidXBkYXRlIjoyNDAwMDAwMDAwMDB9fQ=="
        }
      ]
    },
    {
      "mode": "managed",
      "type": "google_storage_bucket_object",
      "name": "gcp_scanner_dlt_source_zip",
      "provider": "provider[\"registry.terraform.io/hashicorp/google\"]",
      "instances": [
        {
          "schema_version": 0,
          "attributes": {
            "bucket": "tf-testing-357707-function",
            "cache_control": "",
            "content": null,
            "content_disposition": "",
            "content_encoding": "",
            "content_language": "",
            "content_type": "application/zip",
            "crc32c": "YuqF8A==",
            "customer_encryption": [],
            "detect_md5hash": "5K/d9oI9x8eeBbpYsVBqdA==",
            "event_based_hold": false,
            "id": "tf-testing-357707-function-src-gcp-scanner-dlt.zip",
            "kms_key_name": "",
            "md5hash": "5K/d9oI9x8eeBbpYsVBqdA==",
            "media_link": "https://storage.googleapis.com/download/storage/v1/b/tf-testing-357707-function/o/src-gcp-scanner-dlt.zip?generation=1659633891017771\u0026alt=media",
            "metadata": {},
            "name": "src-gcp-scanner-dlt.zip",
            "output_name": "src-gcp-scanner-dlt.zip",
            "self_link": "https://www.googleapis.com/storage/v1/b/tf-testing-357707-function/o/src-gcp-scanner-dlt.zip",
            "source": "gcp-scanner-dlt.zip",
            "storage_class": "STANDARD",
            "temporary_hold": false,
            "timeouts": null
          },
          "sensitive_attributes": [],
          "private": "eyJlMmJmYjczMC1lY2FhLTExZTYtOGY4OC0zNDM2M2JjN2M0YzAiOnsiY3JlYXRlIjoyNDAwMDAwMDAwMDAsImRlbGV0ZSI6MjQwMDAwMDAwMDAwLCJ1cGRhdGUiOjI0MDAwMDAwMDAwMH19",
          "dependencies": [
            "google_storage_bucket.function_bucket"
          ]
        }
      ]
    },
    {
      "mode": "managed",
      "type": "google_storage_bucket_object",
      "name": "gcp_scanner_pattern_updater_source_zip",
      "provider": "provider[\"registry.terraform.io/hashicorp/google\"]",
      "instances": [
        {
          "schema_version": 0,
          "attributes": {
            "bucket": "tf-testing-357707-function",
            "cache_control": "",
            "content": null,
            "content_disposition": "",
            "content_encoding": "",
            "content_language": "",
            "content_type": "application/zip",
            "crc32c": "Sli8EQ==",
            "customer_encryption": [],
            "detect_md5hash": "4b6IEU7V90iCUJs5LJeOJg==",
            "event_based_hold": false,
            "id": "tf-testing-357707-function-src-gcp-scanner-pattern-updater.zip",
            "kms_key_name": "",
            "md5hash": "4b6IEU7V90iCUJs5LJeOJg==",
            "media_link": "https://storage.googleapis.com/download/storage/v1/b/tf-testing-357707-function/o/src-gcp-scanner-pattern-updater.zip?generation=1659634193007515\u0026alt=media",
            "metadata": {},
            "name": "src-gcp-scanner-pattern-updater.zip",
            "output_name": "src-gcp-scanner-pattern-updater.zip",
            "self_link": "https://www.googleapis.com/storage/v1/b/tf-testing-357707-function/o/src-gcp-scanner-pattern-updater.zip",
            "source": "gcp-scanner-pattern-updater.zip",
            "storage_class": "STANDARD",
            "temporary_hold": false,
            "timeouts": null
          },
          "sensitive_attributes": [],
          "private": "eyJlMmJmYjczMC1lY2FhLTExZTYtOGY4OC0zNDM2M2JjN2M0YzAiOnsiY3JlYXRlIjoyNDAwMDAwMDAwMDAsImRlbGV0ZSI6MjQwMDAwMDAwMDAwLCJ1cGRhdGUiOjI0MDAwMDAwMDAwMH19",
          "dependencies": [
            "google_storage_bucket.function_bucket"
          ]
        }
      ]
    },
    {
      "mode": "managed",
      "type": "google_storage_bucket_object",
      "name": "gcp_scanner_source_zip",
      "provider": "provider[\"registry.terraform.io/hashicorp/google\"]",
      "instances": [
        {
          "schema_version": 0,
          "attributes": {
            "bucket": "tf-testing-357707-function",
            "cache_control": "",
            "content": null,
            "content_disposition": "",
            "content_encoding": "",
            "content_language": "",
            "content_type": "application/zip",
            "crc32c": "Hx12xA==",
            "customer_encryption": [],
            "detect_md5hash": "w23UXS9OVENELFKcDR1e9w==",
            "event_based_hold": false,
            "id": "tf-testing-357707-function-src-gcp-scanner.zip",
            "kms_key_name": "",
            "md5hash": "w23UXS9OVENELFKcDR1e9w==",
            "media_link": "https://storage.googleapis.com/download/storage/v1/b/tf-testing-357707-function/o/src-gcp-scanner.zip?generation=1659634202902352\u0026alt=media",
            "metadata": {},
            "name": "src-gcp-scanner.zip",
            "output_name": "src-gcp-scanner.zip",
            "self_link": "https://www.googleapis.com/storage/v1/b/tf-testing-357707-function/o/src-gcp-scanner.zip",
            "source": "gcp-scanner.zip",
            "storage_class": "STANDARD",
            "temporary_hold": false,
            "timeouts": null
          },
          "sensitive_attributes": [],
          "private": "eyJlMmJmYjczMC1lY2FhLTExZTYtOGY4OC0zNDM2M2JjN2M0YzAiOnsiY3JlYXRlIjoyNDAwMDAwMDAwMDAsImRlbGV0ZSI6MjQwMDAwMDAwMDAwLCJ1cGRhdGUiOjI0MDAwMDAwMDAwMH19",
          "dependencies": [
            "google_storage_bucket.function_bucket"
          ]
        }
      ]
    },
    {
      "mode": "managed",
      "type": "null_resource",
      "name": "gcp_scanner",
      "provider": "provider[\"registry.terraform.io/hashicorp/null\"]",
      "instances": [
        {
          "schema_version": 0,
          "attributes": {
            "id": "3096858469528229264",
            "triggers": null
          },
          "sensitive_attributes": [],
          "private": "bnVsbA=="
        }
      ]
    },
    {
      "mode": "managed",
      "type": "null_resource",
      "name": "gcp_scanner_dlt",
      "provider": "provider[\"registry.terraform.io/hashicorp/null\"]",
      "instances": [
        {
          "schema_version": 0,
          "attributes": {
            "id": "6344050218524841718",
            "triggers": null
          },
          "sensitive_attributes": [],
          "private": "bnVsbA=="
        }
      ]
    },
    {
      "mode": "managed",
      "type": "null_resource",
      "name": "gcp_scanner_pattern_updater",
      "provider": "provider[\"registry.terraform.io/hashicorp/null\"]",
      "instances": [
        {
          "schema_version": 0,
          "attributes": {
            "id": "3228334752019250497",
            "triggers": null
          },
          "sensitive_attributes": [],
          "private": "bnVsbA=="
        }
      ]
    }
  ]
}
